
Microsoft Visual Studio Solution File, Format Version 12.00
# Visual Studio Version 17
VisualStudioVersion = 17.6.33815.320
MinimumVisualStudioVersion = 10.0.40219.1
Project("{FAE04EC0-301F-11D3-BF4B-00C04F79EFBC}") = "WebAPI", "WebAPI\WebAPI.csproj", "{519A73A2-0BBE-4816-B42E-3D86348F855C}"
EndProject
Global
	GlobalSection(SolutionConfigurationPlatforms) = preSolution
		Debug|Any CPU = Debug|Any CPU
		Release|Any CPU = Release|Any CPU
	EndGlobalSection
	GlobalSection(ProjectConfigurationPlatforms) = postSolution
		{519A73A2-0BBE-4816-B42E-3D86348F855C}.Debug|Any CPU.ActiveCfg = Debug|Any CPU
		{519A73A2-0BBE-4816-B42E-3D86348F855C}.Debug|Any CPU.Build.0 = Debug|Any CPU
		{519A73A2-0BBE-4816-B42E-3D86348F855C}.Release|Any CPU.ActiveCfg = Release|Any CPU
		{519A73A2-0BBE-4816-B42E-3D86348F855C}.Release|Any CPU.Build.0 = Release|Any CPU
	EndGlobalSection
	GlobalSection(SolutionProperties) = preSolution
		HideSolutionNode = FALSE
	EndGlobalSection
	GlobalSection(ExtensibilityGlobals) = postSolution
		SolutionGuid = {F887C281-A476-42FD-AA1D-2DB5F8B2DFF2}
	EndGlobalSection
EndGlobal
